
Microsoft Visual Studio Solution File, Format Version 12.00
# Visual Studio Version 17
VisualStudioVersion = 17.4.33213.308
MinimumVisualStudioVersion = 10.0.40219.1
Project("{FAE04EC0-301F-11D3-BF4B-00C04F79EFBC}") = "Morse1", "Morse1\Morse1.csproj", "{B30E20A4-5FE8-4CA9-BA9B-4CC93A2044FE}"
EndProject
Global
	GlobalSection(SolutionConfigurationPlatforms) = preSolution
		Debug|Any CPU = Debug|Any CPU
		Release|Any CPU = Release|Any CPU
	EndGlobalSection
	GlobalSection(ProjectConfigurationPlatforms) = postSolution
		{B30E20A4-5FE8-4CA9-BA9B-4CC93A2044FE}.Debug|Any CPU.ActiveCfg = Debug|Any CPU
		{B30E20A4-5FE8-4CA9-BA9B-4CC93A2044FE}.Debug|Any CPU.Build.0 = Debug|Any CPU
		{B30E20A4-5FE8-4CA9-BA9B-4CC93A2044FE}.Release|Any CPU.ActiveCfg = Release|Any CPU
		{B30E20A4-5FE8-4CA9-BA9B-4CC93A2044FE}.Release|Any CPU.Build.0 = Release|Any CPU
	EndGlobalSection
	GlobalSection(SolutionProperties) = preSolution
		HideSolutionNode = FALSE
	EndGlobalSection
	GlobalSection(ExtensibilityGlobals) = postSolution
		SolutionGuid = {8787E456-C77A-451A-BB84-04253A22CB73}
	EndGlobalSection
EndGlobal
